
Microsoft Visual Studio Solution File, Format Version 12.00
# Visual Studio 15
VisualStudioVersion = 15.0.27428.2043
MinimumVisualStudioVersion = 10.0.40219.1
Project("{FAE04EC0-301F-11D3-BF4B-00C04F79EFBC}") = "Szkola_4_1", "Szkola_4_1\Szkola_4_1.csproj", "{E3EEBB58-D62A-47F6-A95E-21588F0427F0}"
EndProject
Global
	GlobalSection(SolutionConfigurationPlatforms) = preSolution
		Debug|Any CPU = Debug|Any CPU
		Release|Any CPU = Release|Any CPU
	EndGlobalSection
	GlobalSection(ProjectConfigurationPlatforms) = postSolution
		{E3EEBB58-D62A-47F6-A95E-21588F0427F0}.Debug|Any CPU.ActiveCfg = Debug|Any CPU
		{E3EEBB58-D62A-47F6-A95E-21588F0427F0}.Debug|Any CPU.Build.0 = Debug|Any CPU
		{E3EEBB58-D62A-47F6-A95E-21588F0427F0}.Release|Any CPU.ActiveCfg = Release|Any CPU
		{E3EEBB58-D62A-47F6-A95E-21588F0427F0}.Release|Any CPU.Build.0 = Release|Any CPU
	EndGlobalSection
	GlobalSection(SolutionProperties) = preSolution
		HideSolutionNode = FALSE
	EndGlobalSection
	GlobalSection(ExtensibilityGlobals) = postSolution
		SolutionGuid = {10EA840A-3766-4C11-B954-066BBF06B550}
	EndGlobalSection
EndGlobal
